// !$*UTF8*$!
{
	archiveVersion = 1;
	classes = {
	};
	objectVersion = 46;
	objects = {

/* Begin PBXBuildFile section */
		510894011D4A50D9001FFC1E /* main.m in Sources */ = {isa = PBXBuildFile; fileRef = 510894001D4A50D9001FFC1E /* main.m */; };
		510894041D4A50D9001FFC1E /* AppDelegate.m in Sources */ = {isa = PBXBuildFile; fileRef = 510894031D4A50D9001FFC1E /* AppDelegate.m */; };
		510894071D4A50D9001FFC1E /* ViewController.m in Sources */ = {isa = PBXBuildFile; fileRef = 510894061D4A50D9001FFC1E /* ViewController.m */; };
		5108940A1D4A50D9001FFC1E /* Main.storyboard in Resources */ = {isa = PBXBuildFile; fileRef = 510894081D4A50D9001FFC1E /* Main.storyboard */; };
		5108940C1D4A50D9001FFC1E /* Assets.xcassets in Resources */ = {isa = PBXBuildFile; fileRef = 5108940B1D4A50D9001FFC1E /* Assets.xcassets */; };
		5108940F1D4A50D9001FFC1E /* LaunchScreen.storyboard in Resources */ = {isa = PBXBuildFile; fileRef = 5108940D1D4A50D9001FFC1E /* LaunchScreen.storyboard */; };
		5108941A1D4A50D9001FFC1E /* RCMultipeerConnectivityTests.m in Sources */ = {isa = PBXBuildFile; fileRef = 510894191D4A50D9001FFC1E /* RCMultipeerConnectivityTests.m */; };
		510894251D4A50D9001FFC1E /* RCMultipeerConnectivityUITests.m in Sources */ = {isa = PBXBuildFile; fileRef = 510894241D4A50D9001FFC1E /* RCMultipeerConnectivityUITests.m */; };
		5121CFEC1D4ED22F00982B02 /* RCImgViewController.m in Sources */ = {isa = PBXBuildFile; fileRef = 5121CFEA1D4ED22F00982B02 /* RCImgViewController.m */; };
		5121CFED1D4ED22F00982B02 /* RCImgViewController.xib in Resources */ = {isa = PBXBuildFile; fileRef = 5121CFEB1D4ED22F00982B02 /* RCImgViewController.xib */; };
		51D508191D4AE42500CBEB67 /* RCNavigationController.m in Sources */ = {isa = PBXBuildFile; fileRef = 51D508181D4AE42500CBEB67 /* RCNavigationController.m */; };
		51D5081D1D4AE46B00CBEB67 /* UIColor+Extension.m in Sources */ = {isa = PBXBuildFile; fileRef = 51D5081C1D4AE46B00CBEB67 /* UIColor+Extension.m */; };
		51D508211D4AE7F400CBEB67 /* RCTableViewController.m in Sources */ = {isa = PBXBuildFile; fileRef = 51D508201D4AE7F400CBEB67 /* RCTableViewController.m */; };
		51D508281D4AE9AA00CBEB67 /* RCChatViewController.m in Sources */ = {isa = PBXBuildFile; fileRef = 51D508271D4AE9AA00CBEB67 /* RCChatViewController.m */; };
		51D508301D4AEA6800CBEB67 /* RCJokeViewController.m in Sources */ = {isa = PBXBuildFile; fileRef = 51D5082F1D4AEA6800CBEB67 /* RCJokeViewController.m */; };
		51D508331D4AEC5C00CBEB67 /* RCModel.m in Sources */ = {isa = PBXBuildFile; fileRef = 51D508321D4AEC5C00CBEB67 /* RCModel.m */; };
		51D508361D4AED0300CBEB67 /* RCTableViewCell.m in Sources */ = {isa = PBXBuildFile; fileRef = 51D508351D4AED0300CBEB67 /* RCTableViewCell.m */; };
		51D5083A1D4AF4EF00CBEB67 /* joke.plist in Resources */ = {isa = PBXBuildFile; fileRef = 51D508391D4AF4EF00CBEB67 /* joke.plist */; };
		51D5083D1D4B1E4000CBEB67 /* RCGuideView.m in Sources */ = {isa = PBXBuildFile; fileRef = 51D5083C1D4B1E4000CBEB67 /* RCGuideView.m */; };
		51D5083F1D4B1E6000CBEB67 /* RCGuideView.xib in Resources */ = {isa = PBXBuildFile; fileRef = 51D5083E1D4B1E6000CBEB67 /* RCGuideView.xib */; };
/* End PBXBuildFile section */

/* Begin PBXContainerItemProxy section */
		510894161D4A50D9001FFC1E /* PBXContainerItemProxy */ = {
			isa = PBXContainerItemProxy;
			containerPortal = 510893F41D4A50D9001FFC1E /* Project object */;
			proxyType = 1;
			remoteGlobalIDString = 510893FB1D4A50D9001FFC1E;
			remoteInfo = RCMultipeerConnectivity;
		};
		510894211D4A50D9001FFC1E /* PBXContainerItemProxy */ = {
			isa = PBXContainerItemProxy;
			containerPortal = 510893F41D4A50D9001FFC1E /* Project object */;
			proxyType = 1;
			remoteGlobalIDString = 510893FB1D4A50D9001FFC1E;
			remoteInfo = RCMultipeerConnectivity;
		};
/* End PBXContainerItemProxy section */

/* Begin PBXFileReference section */
		510893FC1D4A50D9001FFC1E /* RCMultipeerConnectivity.app */ = {isa = PBXFileReference; explicitFileType = wrapper.application; includeInIndex = 0; path = RCMultipeerConnectivity.app; sourceTree = BUILT_PRODUCTS_DIR; };
		510894001D4A50D9001FFC1E /* main.m */ = {isa = PBXFileReference; lastKnownFileType = sourcecode.c.objc; path = main.m; sourceTree = "<group>"; };
		510894021D4A50D9001FFC1E /* AppDelegate.h */ = {isa = PBXFileReference; lastKnownFileType = sourcecode.c.h; path = AppDelegate.h; sourceTree = "<group>"; };
		510894031D4A50D9001FFC1E /* AppDelegate.m */ = {isa = PBXFileReference; lastKnownFileType = sourcecode.c.objc; path = AppDelegate.m; sourceTree = "<group>"; };
		510894051D4A50D9001FFC1E /* ViewController.h */ = {isa = PBXFileReference; lastKnownFileType = sourcecode.c.h; path = ViewController.h; sourceTree = "<group>"; };
		510894061D4A50D9001FFC1E /* ViewController.m */ = {isa = PBXFileReference; lastKnownFileType = sourcecode.c.objc; path = ViewController.m; sourceTree = "<group>"; };
		510894091D4A50D9001FFC1E /* Base */ = {isa = PBXFileReference; lastKnownFileType = file.storyboard; name = Base; path = Base.lproj/Main.storyboard; sourceTree = "<group>"; };
		5108940B1D4A50D9001FFC1E /* Assets.xcassets */ = {isa = PBXFileReference; lastKnownFileType = folder.assetcatalog; path = Assets.xcassets; sourceTree = "<group>"; };
		5108940E1D4A50D9001FFC1E /* Base */ = {isa = PBXFileReference; lastKnownFileType = file.storyboard; name = Base; path = Base.lproj/LaunchScreen.storyboard; sourceTree = "<group>"; };
		510894101D4A50D9001FFC1E /* Info.plist */ = {isa = PBXFileReference; lastKnownFileType = text.plist.xml; path = Info.plist; sourceTree = "<group>"; };
		510894151D4A50D9001FFC1E /* RCMultipeerConnectivityTests.xctest */ = {isa = PBXFileReference; explicitFileType = wrapper.cfbundle; includeInIndex = 0; path = RCMultipeerConnectivityTests.xctest; sourceTree = BUILT_PRODUCTS_DIR; };
		510894191D4A50D9001FFC1E /* RCMultipeerConnectivityTests.m */ = {isa = PBXFileReference; lastKnownFileType = sourcecode.c.objc; path = RCMultipeerConnectivityTests.m; sourceTree = "<group>"; };
		5108941B1D4A50D9001FFC1E /* Info.plist */ = {isa = PBXFileReference; lastKnownFileType = text.plist.xml; path = Info.plist; sourceTree = "<group>"; };
		510894201D4A50D9001FFC1E /* RCMultipeerConnectivityUITests.xctest */ = {isa = PBXFileReference; explicitFileType = wrapper.cfbundle; includeInIndex = 0; path = RCMultipeerConnectivityUITests.xctest; sourceTree = BUILT_PRODUCTS_DIR; };
		510894241D4A50D9001FFC1E /* RCMultipeerConnectivityUITests.m */ = {isa = PBXFileReference; lastKnownFileType = sourcecode.c.objc; path = RCMultipeerConnectivityUITests.m; sourceTree = "<group>"; };
		510894261D4A50D9001FFC1E /* Info.plist */ = {isa = PBXFileReference; lastKnownFileType = text.plist.xml; path = Info.plist; sourceTree = "<group>"; };
		5121CFE91D4ED22F00982B02 /* RCImgViewController.h */ = {isa = PBXFileReference; fileEncoding = 4; lastKnownFileType = sourcecode.c.h; path = RCImgViewController.h; sourceTree = "<group>"; };
		5121CFEA1D4ED22F00982B02 /* RCImgViewController.m */ = {isa = PBXFileReference; fileEncoding = 4; lastKnownFileType = sourcecode.c.objc; path = RCImgViewController.m; sourceTree = "<group>"; };
		5121CFEB1D4ED22F00982B02 /* RCImgViewController.xib */ = {isa = PBXFileReference; fileEncoding = 4; lastKnownFileType = file.xib; path = RCImgViewController.xib; sourceTree = "<group>"; };
		51D508171D4AE42500CBEB67 /* RCNavigationController.h */ = {isa = PBXFileReference; fileEncoding = 4; lastKnownFileType = sourcecode.c.h; path = RCNavigationController.h; sourceTree = "<group>"; };
		51D508181D4AE42500CBEB67 /* RCNavigationController.m */ = {isa = PBXFileReference; fileEncoding = 4; lastKnownFileType = sourcecode.c.objc; path = RCNavigationController.m; sourceTree = "<group>"; };
		51D5081B1D4AE46B00CBEB67 /* UIColor+Extension.h */ = {isa = PBXFileReference; fileEncoding = 4; lastKnownFileType = sourcecode.c.h; path = "UIColor+Extension.h"; sourceTree = "<group>"; };
		51D5081C1D4AE46B00CBEB67 /* UIColor+Extension.m */ = {isa = PBXFileReference; fileEncoding = 4; lastKnownFileType = sourcecode.c.objc; path = "UIColor+Extension.m"; sourceTree = "<group>"; };
		51D5081E1D4AE4B300CBEB67 /* RC.pch */ = {isa = PBXFileReference; lastKnownFileType = sourcecode.c.h; path = RC.pch; sourceTree = "<group>"; };
		51D5081F1D4AE7F400CBEB67 /* RCTableViewController.h */ = {isa = PBXFileReference; fileEncoding = 4; lastKnownFileType = sourcecode.c.h; name = RCTableViewController.h; path = RCMultipeerConnectivity/Controllers/RCTableViewController.h; sourceTree = SOURCE_ROOT; };
		51D508201D4AE7F400CBEB67 /* RCTableViewController.m */ = {isa = PBXFileReference; fileEncoding = 4; lastKnownFileType = sourcecode.c.objc; name = RCTableViewController.m; path = RCMultipeerConnectivity/Controllers/RCTableViewController.m; sourceTree = SOURCE_ROOT; };
		51D508261D4AE9AA00CBEB67 /* RCChatViewController.h */ = {isa = PBXFileReference; fileEncoding = 4; lastKnownFileType = sourcecode.c.h; path = RCChatViewController.h; sourceTree = "<group>"; };
		51D508271D4AE9AA00CBEB67 /* RCChatViewController.m */ = {isa = PBXFileReference; fileEncoding = 4; lastKnownFileType = sourcecode.c.objc; path = RCChatViewController.m; sourceTree = "<group>"; };
		51D5082E1D4AEA6800CBEB67 /* RCJokeViewController.h */ = {isa = PBXFileReference; fileEncoding = 4; lastKnownFileType = sourcecode.c.h; path = RCJokeViewController.h; sourceTree = "<group>"; };
		51D5082F1D4AEA6800CBEB67 /* RCJokeViewController.m */ = {isa = PBXFileReference; fileEncoding = 4; lastKnownFileType = sourcecode.c.objc; path = RCJokeViewController.m; sourceTree = "<group>"; };
		51D508311D4AEC5C00CBEB67 /* RCModel.h */ = {isa = PBXFileReference; fileEncoding = 4; lastKnownFileType = sourcecode.c.h; path = RCModel.h; sourceTree = "<group>"; };
		51D508321D4AEC5C00CBEB67 /* RCModel.m */ = {isa = PBXFileReference; fileEncoding = 4; lastKnownFileType = sourcecode.c.objc; path = RCModel.m; sourceTree = "<group>"; };
		51D508341D4AED0300CBEB67 /* RCTableViewCell.h */ = {isa = PBXFileReference; fileEncoding = 4; lastKnownFileType = sourcecode.c.h; path = RCTableViewCell.h; sourceTree = "<group>"; };
		51D508351D4AED0300CBEB67 /* RCTableViewCell.m */ = {isa = PBXFileReference; fileEncoding = 4; lastKnownFileType = sourcecode.c.objc; path = RCTableViewCell.m; sourceTree = "<group>"; };
		51D508391D4AF4EF00CBEB67 /* joke.plist */ = {isa = PBXFileReference; fileEncoding = 4; lastKnownFileType = text.plist.xml; path = joke.plist; sourceTree = "<group>"; };
		51D5083B1D4B1E4000CBEB67 /* RCGuideView.h */ = {isa = PBXFileReference; fileEncoding = 4; lastKnownFileType = sourcecode.c.h; path = RCGuideView.h; sourceTree = "<group>"; };
		51D5083C1D4B1E4000CBEB67 /* RCGuideView.m */ = {isa = PBXFileReference; fileEncoding = 4; lastKnownFileType = sourcecode.c.objc; path = RCGuideView.m; sourceTree = "<group>"; };
		51D5083E1D4B1E6000CBEB67 /* RCGuideView.xib */ = {isa = PBXFileReference; fileEncoding = 4; lastKnownFileType = file.xib; path = RCGuideView.xib; sourceTree = "<group>"; };
/* End PBXFileReference section */

/* Begin PBXFrameworksBuildPhase section */
		510893F91D4A50D9001FFC1E /* Frameworks */ = {
			isa = PBXFrameworksBuildPhase;
			buildActionMask = 2147483647;
			files = (
			);
			runOnlyForDeploymentPostprocessing = 0;
		};
		510894121D4A50D9001FFC1E /* Frameworks */ = {
			isa = PBXFrameworksBuildPhase;
			buildActionMask = 2147483647;
			files = (
			);
			runOnlyForDeploymentPostprocessing = 0;
		};
		5108941D1D4A50D9001FFC1E /* Frameworks */ = {
			isa = PBXFrameworksBuildPhase;
			buildActionMask = 2147483647;
			files = (
			);
			runOnlyForDeploymentPostprocessing = 0;
		};
/* End PBXFrameworksBuildPhase section */

/* Begin PBXGroup section */
		510893F31D4A50D9001FFC1E = {
			isa = PBXGroup;
			children = (
				510893FE1D4A50D9001FFC1E /* RCMultipeerConnectivity */,
				510894181D4A50D9001FFC1E /* RCMultipeerConnectivityTests */,
				510894231D4A50D9001FFC1E /* RCMultipeerConnectivityUITests */,
				510893FD1D4A50D9001FFC1E /* Products */,
			);
			sourceTree = "<group>";
		};
		510893FD1D4A50D9001FFC1E /* Products */ = {
			isa = PBXGroup;
			children = (
				510893FC1D4A50D9001FFC1E /* RCMultipeerConnectivity.app */,
				510894151D4A50D9001FFC1E /* RCMultipeerConnectivityTests.xctest */,
				510894201D4A50D9001FFC1E /* RCMultipeerConnectivityUITests.xctest */,
			);
			name = Products;
			sourceTree = "<group>";
		};
		510893FE1D4A50D9001FFC1E /* RCMultipeerConnectivity */ = {
			isa = PBXGroup;
			children = (
				51D508161D4AE2DF00CBEB67 /* Controllers */,
				51D508151D4AE2CA00CBEB67 /* View */,
				51D508141D4AE2AA00CBEB67 /* Tool */,
				51D508131D4AE29800CBEB67 /* Model */,
				510894021D4A50D9001FFC1E /* AppDelegate.h */,
				510894031D4A50D9001FFC1E /* AppDelegate.m */,
				510894051D4A50D9001FFC1E /* ViewController.h */,
				510894061D4A50D9001FFC1E /* ViewController.m */,
				510894081D4A50D9001FFC1E /* Main.storyboard */,
				5108940B1D4A50D9001FFC1E /* Assets.xcassets */,
				5108940D1D4A50D9001FFC1E /* LaunchScreen.storyboard */,
				510894101D4A50D9001FFC1E /* Info.plist */,
				510893FF1D4A50D9001FFC1E /* Supporting Files */,
				51D5081E1D4AE4B300CBEB67 /* RC.pch */,
				51D508391D4AF4EF00CBEB67 /* joke.plist */,
			);
			path = RCMultipeerConnectivity;
			sourceTree = "<group>";
		};
		510893FF1D4A50D9001FFC1E /* Supporting Files */ = {
			isa = PBXGroup;
			children = (
				510894001D4A50D9001FFC1E /* main.m */,
			);
			name = "Supporting Files";
			sourceTree = "<group>";
		};
		510894181D4A50D9001FFC1E /* RCMultipeerConnectivityTests */ = {
			isa = PBXGroup;
			children = (
				510894191D4A50D9001FFC1E /* RCMultipeerConnectivityTests.m */,
				5108941B1D4A50D9001FFC1E /* Info.plist */,
			);
			path = RCMultipeerConnectivityTests;
			sourceTree = "<group>";
		};
		510894231D4A50D9001FFC1E /* RCMultipeerConnectivityUITests */ = {
			isa = PBXGroup;
			children = (
				510894241D4A50D9001FFC1E /* RCMultipeerConnectivityUITests.m */,
				510894261D4A50D9001FFC1E /* Info.plist */,
			);
			path = RCMultipeerConnectivityUITests;
			sourceTree = "<group>";
		};
		51D508131D4AE29800CBEB67 /* Model */ = {
			isa = PBXGroup;
			children = (
				51D508311D4AEC5C00CBEB67 /* RCModel.h */,
				51D508321D4AEC5C00CBEB67 /* RCModel.m */,
			);
			path = Model;
			sourceTree = "<group>";
		};
		51D508141D4AE2AA00CBEB67 /* Tool */ = {
			isa = PBXGroup;
			children = (
				51D5081A1D4AE46B00CBEB67 /* UIColor */,
				51D508171D4AE42500CBEB67 /* RCNavigationController.h */,
				51D508181D4AE42500CBEB67 /* RCNavigationController.m */,
			);
			path = Tool;
			sourceTree = "<group>";
		};
		51D508151D4AE2CA00CBEB67 /* View */ = {
			isa = PBXGroup;
			children = (
				51D508341D4AED0300CBEB67 /* RCTableViewCell.h */,
				51D508351D4AED0300CBEB67 /* RCTableViewCell.m */,
				51D5083B1D4B1E4000CBEB67 /* RCGuideView.h */,
				51D5083C1D4B1E4000CBEB67 /* RCGuideView.m */,
				51D5083E1D4B1E6000CBEB67 /* RCGuideView.xib */,
			);
			path = View;
			sourceTree = "<group>";
		};
		51D508161D4AE2DF00CBEB67 /* Controllers */ = {
			isa = PBXGroup;
			children = (
				51D508221D4AE91700CBEB67 /* RCTableViewController */,
				51D508251D4AE98800CBEB67 /* Chat */,
				51D5082A1D4AE9E600CBEB67 /* SendImage */,
				51D508291D4AE9C900CBEB67 /* Joke */,
			);
			path = Controllers;
			sourceTree = "<group>";
		};
		51D5081A1D4AE46B00CBEB67 /* UIColor */ = {
			isa = PBXGroup;
			children = (
				51D5081B1D4AE46B00CBEB67 /* UIColor+Extension.h */,
				51D5081C1D4AE46B00CBEB67 /* UIColor+Extension.m */,
			);
			path = UIColor;
			sourceTree = "<group>";
		};
		51D508221D4AE91700CBEB67 /* RCTableViewController */ = {
			isa = PBXGroup;
			children = (
				51D5081F1D4AE7F400CBEB67 /* RCTableViewController.h */,
				51D508201D4AE7F400CBEB67 /* RCTableViewController.m */,
			);
			path = RCTableViewController;
			sourceTree = "<group>";
		};
		51D508251D4AE98800CBEB67 /* Chat */ = {
			isa = PBXGroup;
			children = (
				51D508261D4AE9AA00CBEB67 /* RCChatViewController.h */,
				51D508271D4AE9AA00CBEB67 /* RCChatViewController.m */,
			);
			path = Chat;
			sourceTree = "<group>";
		};
		51D508291D4AE9C900CBEB67 /* Joke */ = {
			isa = PBXGroup;
			children = (
				51D5082E1D4AEA6800CBEB67 /* RCJokeViewController.h */,
				51D5082F1D4AEA6800CBEB67 /* RCJokeViewController.m */,
			);
			path = Joke;
			sourceTree = "<group>";
		};
		51D5082A1D4AE9E600CBEB67 /* SendImage */ = {
			isa = PBXGroup;
			children = (
				5121CFE91D4ED22F00982B02 /* RCImgViewController.h */,
				5121CFEA1D4ED22F00982B02 /* RCImgViewController.m */,
				5121CFEB1D4ED22F00982B02 /* RCImgViewController.xib */,
			);
			path = SendImage;
			sourceTree = "<group>";
		};
/* End PBXGroup section */

/* Begin PBXNativeTarget section */
		510893FB1D4A50D9001FFC1E /* RCMultipeerConnectivity */ = {
			isa = PBXNativeTarget;
			buildConfigurationList = 510894291D4A50D9001FFC1E /* Build configuration list for PBXNativeTarget "RCMultipeerConnectivity" */;
			buildPhases = (
				510893F81D4A50D9001FFC1E /* Sources */,
				510893F91D4A50D9001FFC1E /* Frameworks */,
				510893FA1D4A50D9001FFC1E /* Resources */,
			);
			buildRules = (
			);
			dependencies = (
			);
			name = RCMultipeerConnectivity;
			productName = RCMultipeerConnectivity;
			productReference = 510893FC1D4A50D9001FFC1E /* RCMultipeerConnectivity.app */;
			productType = "com.apple.product-type.application";
		};
		510894141D4A50D9001FFC1E /* RCMultipeerConnectivityTests */ = {
			isa = PBXNativeTarget;
			buildConfigurationList = 5108942C1D4A50D9001FFC1E /* Build configuration list for PBXNativeTarget "RCMultipeerConnectivityTests" */;
			buildPhases = (
				510894111D4A50D9001FFC1E /* Sources */,
				510894121D4A50D9001FFC1E /* Frameworks */,
				510894131D4A50D9001FFC1E /* Resources */,
			);
			buildRules = (
			);
			dependencies = (
				510894171D4A50D9001FFC1E /* PBXTargetDependency */,
			);
			name = RCMultipeerConnectivityTests;
			productName = RCMultipeerConnectivityTests;
			productReference = 510894151D4A50D9001FFC1E /* RCMultipeerConnectivityTests.xctest */;
			productType = "com.apple.product-type.bundle.unit-test";
		};
		5108941F1D4A50D9001FFC1E /* RCMultipeerConnectivityUITests */ = {
			isa = PBXNativeTarget;
			buildConfigurationList = 5108942F1D4A50D9001FFC1E /* Build configuration list for PBXNativeTarget "RCMultipeerConnectivityUITests" */;
			buildPhases = (
				5108941C1D4A50D9001FFC1E /* Sources */,
				5108941D1D4A50D9001FFC1E /* Frameworks */,
				5108941E1D4A50D9001FFC1E /* Resources */,
			);
			buildRules = (
			);
			dependencies = (
				510894221D4A50D9001FFC1E /* PBXTargetDependency */,
			);
			name = RCMultipeerConnectivityUITests;
			productName = RCMultipeerConnectivityUITests;
			productReference = 510894201D4A50D9001FFC1E /* RCMultipeerConnectivityUITests.xctest */;
			productType = "com.apple.product-type.bundle.ui-testing";
		};
/* End PBXNativeTarget section */

/* Begin PBXProject section */
		510893F41D4A50D9001FFC1E /* Project object */ = {
			isa = PBXProject;
			attributes = {
				CLASSPREFIX = RC;
				LastUpgradeCheck = 0730;
				ORGANIZATIONNAME = RongCheng;
				TargetAttributes = {
					510893FB1D4A50D9001FFC1E = {
						CreatedOnToolsVersion = 7.3.1;
						DevelopmentTeam = 34D922C2LE;
					};
					510894141D4A50D9001FFC1E = {
						CreatedOnToolsVersion = 7.3.1;
						TestTargetID = 510893FB1D4A50D9001FFC1E;
					};
					5108941F1D4A50D9001FFC1E = {
						CreatedOnToolsVersion = 7.3.1;
						TestTargetID = 510893FB1D4A50D9001FFC1E;
					};
				};
			};
			buildConfigurationList = 510893F71D4A50D9001FFC1E /* Build configuration list for PBXProject "RCMultipeerConnectivity" */;
			compatibilityVersion = "Xcode 3.2";
			developmentRegion = English;
			hasScannedForEncodings = 0;
			knownRegions = (
				en,
				Base,
			);
			mainGroup = 510893F31D4A50D9001FFC1E;
			productRefGroup = 510893FD1D4A50D9001FFC1E /* Products */;
			projectDirPath = "";
			projectRoot = "";
			targets = (
				510893FB1D4A50D9001FFC1E /* RCMultipeerConnectivity */,
				510894141D4A50D9001FFC1E /* RCMultipeerConnectivityTests */,
				5108941F1D4A50D9001FFC1E /* RCMultipeerConnectivityUITests */,
			);
		};
/* End PBXProject section */

/* Begin PBXResourcesBuildPhase section */
		510893FA1D4A50D9001FFC1E /* Resources */ = {
			isa = PBXResourcesBuildPhase;
			buildActionMask = 2147483647;
			files = (
				5108940F1D4A50D9001FFC1E /* LaunchScreen.storyboard in Resources */,
				5121CFED1D4ED22F00982B02 /* RCImgViewController.xib in Resources */,
				5108940C1D4A50D9001FFC1E /* Assets.xcassets in Resources */,
				51D5083A1D4AF4EF00CBEB67 /* joke.plist in Resources */,
				5108940A1D4A50D9001FFC1E /* Main.storyboard in Resources */,
				51D5083F1D4B1E6000CBEB67 /* RCGuideView.xib in Resources */,
			);
			runOnlyForDeploymentPostprocessing = 0;
		};
		510894131D4A50D9001FFC1E /* Resources */ = {
			isa = PBXResourcesBuildPhase;
			buildActionMask = 2147483647;
			files = (
			);
			runOnlyForDeploymentPostprocessing = 0;
		};
		5108941E1D4A50D9001FFC1E /* Resources */ = {
			isa = PBXResourcesBuildPhase;
			buildActionMask = 2147483647;
			files = (
			);
			runOnlyForDeploymentPostprocessing = 0;
		};
/* End PBXResourcesBuildPhase section */

/* Begin PBXSourcesBuildPhase section */
		510893F81D4A50D9001FFC1E /* Sources */ = {
			isa = PBXSourcesBuildPhase;
			buildActionMask = 2147483647;
			files = (
				51D508191D4AE42500CBEB67 /* RCNavigationController.m in Sources */,
				5121CFEC1D4ED22F00982B02 /* RCImgViewController.m in Sources */,
				51D508331D4AEC5C00CBEB67 /* RCModel.m in Sources */,
				510894071D4A50D9001FFC1E /* ViewController.m in Sources */,
				51D5081D1D4AE46B00CBEB67 /* UIColor+Extension.m in Sources */,
				51D508301D4AEA6800CBEB67 /* RCJokeViewController.m in Sources */,
				51D5083D1D4B1E4000CBEB67 /* RCGuideView.m in Sources */,
				510894041D4A50D9001FFC1E /* AppDelegate.m in Sources */,
				51D508361D4AED0300CBEB67 /* RCTableViewCell.m in Sources */,
				51D508281D4AE9AA00CBEB67 /* RCChatViewController.m in Sources */,
				51D508211D4AE7F400CBEB67 /* RCTableViewController.m in Sources */,
				510894011D4A50D9001FFC1E /* main.m in Sources */,
			);
			runOnlyForDeploymentPostprocessing = 0;
		};
		510894111D4A50D9001FFC1E /* Sources */ = {
			isa = PBXSourcesBuildPhase;
			buildActionMask = 2147483647;
			files = (
				5108941A1D4A50D9001FFC1E /* RCMultipeerConnectivityTests.m in Sources */,
			);
			runOnlyForDeploymentPostprocessing = 0;
		};
		5108941C1D4A50D9001FFC1E /* Sources */ = {
			isa = PBXSourcesBuildPhase;
			buildActionMask = 2147483647;
			files = (
				510894251D4A50D9001FFC1E /* RCMultipeerConnectivityUITests.m in Sources */,
			);
			runOnlyForDeploymentPostprocessing = 0;
		};
/* End PBXSourcesBuildPhase section */

/* Begin PBXTargetDependency section */
		510894171D4A50D9001FFC1E /* PBXTargetDependency */ = {
			isa = PBXTargetDependency;
			target = 510893FB1D4A50D9001FFC1E /* RCMultipeerConnectivity */;
			targetProxy = 510894161D4A50D9001FFC1E /* PBXContainerItemProxy */;
		};
		510894221D4A50D9001FFC1E /* PBXTargetDependency */ = {
			isa = PBXTargetDependency;
			target = 510893FB1D4A50D9001FFC1E /* RCMultipeerConnectivity */;
			targetProxy = 510894211D4A50D9001FFC1E /* PBXContainerItemProxy */;
		};
/* End PBXTargetDependency section */

/* Begin PBXVariantGroup section */
		510894081D4A50D9001FFC1E /* Main.storyboard */ = {
			isa = PBXVariantGroup;
			children = (
				510894091D4A50D9001FFC1E /* Base */,
			);
			name = Main.storyboard;
			sourceTree = "<group>";
		};
		5108940D1D4A50D9001FFC1E /* LaunchScreen.storyboard */ = {
			isa = PBXVariantGroup;
			children = (
				5108940E1D4A50D9001FFC1E /* Base */,
			);
			name = LaunchScreen.storyboard;
			sourceTree = "<group>";
		};
/* End PBXVariantGroup section */

/* Begin XCBuildConfiguration section */
		510894271D4A50D9001FFC1E /* Debug */ = {
			isa = XCBuildConfiguration;
			buildSettings = {
				ALWAYS_SEARCH_USER_PATHS = NO;
				CLANG_ANALYZER_NONNULL = YES;
				CLANG_CXX_LANGUAGE_STANDARD = "gnu++0x";
				CLANG_CXX_LIBRARY = "libc++";
				CLANG_ENABLE_MODULES = YES;
				CLANG_ENABLE_OBJC_ARC = YES;
				CLANG_WARN_BOOL_CONVERSION = YES;
				CLANG_WARN_CONSTANT_CONVERSION = YES;
				CLANG_WARN_DIRECT_OBJC_ISA_USAGE = YES_ERROR;
				CLANG_WARN_EMPTY_BODY = YES;
				CLANG_WARN_ENUM_CONVERSION = YES;
				CLANG_WARN_INT_CONVERSION = YES;
				CLANG_WARN_OBJC_ROOT_CLASS = YES_ERROR;
				CLANG_WARN_UNREACHABLE_CODE = YES;
				CLANG_WARN__DUPLICATE_METHOD_MATCH = YES;
				"CODE_SIGN_IDENTITY[sdk=iphoneos*]" = "iPhone Developer";
				COPY_PHASE_STRIP = NO;
				DEBUG_INFORMATION_FORMAT = dwarf;
				ENABLE_STRICT_OBJC_MSGSEND = YES;
				ENABLE_TESTABILITY = YES;
				GCC_C_LANGUAGE_STANDARD = gnu99;
				GCC_DYNAMIC_NO_PIC = NO;
				GCC_NO_COMMON_BLOCKS = YES;
				GCC_OPTIMIZATION_LEVEL = 0;
				GCC_PREPROCESSOR_DEFINITIONS = (
					"DEBUG=1",
					"$(inherited)",
				);
				GCC_WARN_64_TO_32_BIT_CONVERSION = YES;
				GCC_WARN_ABOUT_RETURN_TYPE = YES_ERROR;
				GCC_WARN_UNDECLARED_SELECTOR = YES;
				GCC_WARN_UNINITIALIZED_AUTOS = YES_AGGRESSIVE;
				GCC_WARN_UNUSED_FUNCTION = YES;
				GCC_WARN_UNUSED_VARIABLE = YES;
				IPHONEOS_DEPLOYMENT_TARGET = 9.3;
				MTL_ENABLE_DEBUG_INFO = YES;
				ONLY_ACTIVE_ARCH = YES;
				SDKROOT = iphoneos;
				TARGETED_DEVICE_FAMILY = "1,2";
			};
			name = Debug;
		};
		510894281D4A50D9001FFC1E /* Release */ = {
			isa = XCBuildConfiguration;
			buildSettings = {
				ALWAYS_SEARCH_USER_PATHS = NO;
				CLANG_ANALYZER_NONNULL = YES;
				CLANG_CXX_LANGUAGE_STANDARD = "gnu++0x";
				CLANG_CXX_LIBRARY = "libc++";
				CLANG_ENABLE_MODULES = YES;
				CLANG_ENABLE_OBJC_ARC = YES;
				CLANG_WARN_BOOL_CONVERSION = YES;
				CLANG_WARN_CONSTANT_CONVERSION = YES;
				CLANG_WARN_DIRECT_OBJC_ISA_USAGE = YES_ERROR;
				CLANG_WARN_EMPTY_BODY = YES;
				CLANG_WARN_ENUM_CONVERSION = YES;
				CLANG_WARN_INT_CONVERSION = YES;
				CLANG_WARN_OBJC_ROOT_CLASS = YES_ERROR;
				CLANG_WARN_UNREACHABLE_CODE = YES;
				CLANG_WARN__DUPLICATE_METHOD_MATCH = YES;
				"CODE_SIGN_IDENTITY[sdk=iphoneos*]" = "iPhone Developer";
				COPY_PHASE_STRIP = NO;
				DEBUG_INFORMATION_FORMAT = "dwarf-with-dsym";
				ENABLE_NS_ASSERTIONS = NO;
				ENABLE_STRICT_OBJC_MSGSEND = YES;
				GCC_C_LANGUAGE_STANDARD = gnu99;
				GCC_NO_COMMON_BLOCKS = YES;
				GCC_WARN_64_TO_32_BIT_CONVERSION = YES;
				GCC_WARN_ABOUT_RETURN_TYPE = YES_ERROR;
				GCC_WARN_UNDECLARED_SELECTOR = YES;
				GCC_WARN_UNINITIALIZED_AUTOS = YES_AGGRESSIVE;
				GCC_WARN_UNUSED_FUNCTION = YES;
				GCC_WARN_UNUSED_VARIABLE = YES;
				IPHONEOS_DEPLOYMENT_TARGET = 9.3;
				MTL_ENABLE_DEBUG_INFO = NO;
				SDKROOT = iphoneos;
				TARGETED_DEVICE_FAMILY = "1,2";
				VALIDATE_PRODUCT = YES;
			};
			name = Release;
		};
		5108942A1D4A50D9001FFC1E /* Debug */ = {
			isa = XCBuildConfiguration;
			buildSettings = {
				ASSETCATALOG_COMPILER_APPICON_NAME = AppIcon;
				CODE_SIGN_IDENTITY = "iPhone Developer";
				"CODE_SIGN_IDENTITY[sdk=iphoneos*]" = "iPhone Developer";
				GCC_PREFIX_HEADER = "$(SRCROOT)/RCMultipeerConnectivity/RC.pch";
				INFOPLIST_FILE = RCMultipeerConnectivity/Info.plist;
				LD_RUNPATH_SEARCH_PATHS = "$(inherited) @executable_path/Frameworks";
				PRODUCT_BUNDLE_IDENTIFIER = JiYue.com.RCMultipeerConnectivity;
				PRODUCT_NAME = "$(TARGET_NAME)";
				PROVISIONING_PROFILE = "";
			};
			name = Debug;
		};
		5108942B1D4A50D9001FFC1E /* Release */ = {
			isa = XCBuildConfiguration;
			buildSettings = {
				ASSETCATALOG_COMPILER_APPICON_NAME = AppIcon;
				CODE_SIGN_IDENTITY = "iPhone Developer";
				"CODE_SIGN_IDENTITY[sdk=iphoneos*]" = "iPhone Developer";
				GCC_PREFIX_HEADER = "$(SRCROOT)/RCMultipeerConnectivity/RC.pch";
				INFOPLIST_FILE = RCMultipeerConnectivity/Info.plist;
				LD_RUNPATH_SEARCH_PATHS = "$(inherited) @executable_path/Frameworks";
				PRODUCT_BUNDLE_IDENTIFIER = JiYue.com.RCMultipeerConnectivity;
				PRODUCT_NAME = "$(TARGET_NAME)";
				PROVISIONING_PROFILE = "";
			};
			name = Release;
		};
		5108942D1D4A50D9001FFC1E /* Debug */ = {
			isa = XCBuildConfiguration;
			buildSettings = {
				BUNDLE_LOADER = "$(TEST_HOST)";
				INFOPLIST_FILE = RCMultipeerConnectivityTests/Info.plist;
				LD_RUNPATH_SEARCH_PATHS = "$(inherited) @executable_path/Frameworks @loader_path/Frameworks";
				PRODUCT_BUNDLE_IDENTIFIER = JiYue.com.RCMultipeerConnectivityTests;
				PRODUCT_NAME = "$(TARGET_NAME)";
				TEST_HOST = "$(BUILT_PRODUCTS_DIR)/RCMultipeerConnectivity.app/RCMultipeerConnectivity";
			};
			name = Debug;
		};
		5108942E1D4A50D9001FFC1E /* Release */ = {
			isa = XCBuildConfiguration;
			buildSettings = {
				BUNDLE_LOADER = "$(TEST_HOST)";
				INFOPLIST_FILE = RCMultipeerConnectivityTests/Info.plist;
				LD_RUNPATH_SEARCH_PATHS = "$(inherited) @executable_path/Frameworks @loader_path/Frameworks";
				PRODUCT_BUNDLE_IDENTIFIER = JiYue.com.RCMultipeerConnectivityTests;
				PRODUCT_NAME = "$(TARGET_NAME)";
				TEST_HOST = "$(BUILT_PRODUCTS_DIR)/RCMultipeerConnectivity.app/RCMultipeerConnectivity";
			};
			name = Release;
		};
		510894301D4A50D9001FFC1E /* Debug */ = {
			isa = XCBuildConfiguration;
			buildSettings = {
				INFOPLIST_FILE = RCMultipeerConnectivityUITests/Info.plist;
				LD_RUNPATH_SEARCH_PATHS = "$(inherited) @executable_path/Frameworks @loader_path/Frameworks";
				PRODUCT_BUNDLE_IDENTIFIER = JiYue.com.RCMultipeerConnectivityUITests;
				PRODUCT_NAME = "$(TARGET_NAME)";
				TEST_TARGET_NAME = RCMultipeerConnectivity;
			};
			name = Debug;
		};
		510894311D4A50D9001FFC1E /* Release */ = {
			isa = XCBuildConfiguration;
			buildSettings = {
				INFOPLIST_FILE = RCMultipeerConnectivityUITests/Info.plist;
				LD_RUNPATH_SEARCH_PATHS = "$(inherited) @executable_path/Frameworks @loader_path/Frameworks";
				PRODUCT_BUNDLE_IDENTIFIER = JiYue.com.RCMultipeerConnectivityUITests;
				PRODUCT_NAME = "$(TARGET_NAME)";
				TEST_TARGET_NAME = RCMultipeerConnectivity;
			};
			name = Release;
		};
/* End XCBuildConfiguration section */

/* Begin XCConfigurationList section */
		510893F71D4A50D9001FFC1E /* Build configuration list for PBXProject "RCMultipeerConnectivity" */ = {
			isa = XCConfigurationList;
			buildConfigurations = (
				510894271D4A50D9001FFC1E /* Debug */,
				510894281D4A50D9001FFC1E /* Release */,
			);
			defaultConfigurationIsVisible = 0;
			defaultConfigurationName = Release;
		};
		510894291D4A50D9001FFC1E /* Build configuration list for PBXNativeTarget "RCMultipeerConnectivity" */ = {
			isa = XCConfigurationList;
			buildConfigurations = (
				5108942A1D4A50D9001FFC1E /* Debug */,
				5108942B1D4A50D9001FFC1E /* Release */,
			);
			defaultConfigurationIsVisible = 0;
			defaultConfigurationName = Release;
		};
		5108942C1D4A50D9001FFC1E /* Build configuration list for PBXNativeTarget "RCMultipeerConnectivityTests" */ = {
			isa = XCConfigurationList;
			buildConfigurations = (
				5108942D1D4A50D9001FFC1E /* Debug */,
				5108942E1D4A50D9001FFC1E /* Release */,
			);
			defaultConfigurationIsVisible = 0;
			defaultConfigurationName = Release;
		};
		5108942F1D4A50D9001FFC1E /* Build configuration list for PBXNativeTarget "RCMultipeerConnectivityUITests" */ = {
			isa = XCConfigurationList;
			buildConfigurations = (
				510894301D4A50D9001FFC1E /* Debug */,
				510894311D4A50D9001FFC1E /* Release */,
			);
			defaultConfigurationIsVisible = 0;
			defaultConfigurationName = Release;
		};
/* End XCConfigurationList section */
	};
	rootObject = 510893F41D4A50D9001FFC1E /* Project object */;
}
